// !$*UTF8*$!
{
	archiveVersion = 1;
	classes = {
	};
	objectVersion = 50;
	objects = {

/* Begin PBXBuildFile section */
		8F569F0D2252A5E4009C21E6 /* SDL2_image.framework in Frameworks */ = {isa = PBXBuildFile; fileRef = 8F569F0C2252A5E4009C21E6 /* SDL2_image.framework */; };
		8F95F90E224EA15000C2F6AD /* SDL2.framework in Frameworks */ = {isa = PBXBuildFile; fileRef = 8F95F90D224EA15000C2F6AD /* SDL2.framework */; };
		8F95F938224EA70000C2F6AD /* BrickBreaker.cpp in Sources */ = {isa = PBXBuildFile; fileRef = 8F95F905224EA0BD00C2F6AD /* BrickBreaker.cpp */; };
/* End PBXBuildFile section */

/* Begin PBXCopyFilesBuildPhase section */
		8F95F900224EA0BD00C2F6AD /* CopyFiles */ = {
			isa = PBXCopyFilesBuildPhase;
			buildActionMask = 8;
			dstPath = usr/share/man/man1;
			dstSubfolderSpec = 16;
			files = (
			);
			runOnlyForDeploymentPostprocessing = 1;
		};
/* End PBXCopyFilesBuildPhase section */

/* Begin PBXFileReference section */
		8F569F0C2252A5E4009C21E6 /* SDL2_image.framework */ = {isa = PBXFileReference; lastKnownFileType = wrapper.framework; name = SDL2_image.framework; path = ../../../../../Library/Frameworks/SDL2_image.framework; sourceTree = "<group>"; };
		8F95F902224EA0BD00C2F6AD /* BrickBreaker */ = {isa = PBXFileReference; explicitFileType = "compiled.mach-o.executable"; includeInIndex = 0; path = BrickBreaker; sourceTree = BUILT_PRODUCTS_DIR; };
		8F95F905224EA0BD00C2F6AD /* BrickBreaker.cpp */ = {isa = PBXFileReference; lastKnownFileType = sourcecode.cpp.cpp; name = BrickBreaker.cpp; path = BrickBreaker/BrickBreaker.cpp; sourceTree = SOURCE_ROOT; };
		8F95F90D224EA15000C2F6AD /* SDL2.framework */ = {isa = PBXFileReference; lastKnownFileType = wrapper.framework; name = SDL2.framework; path = ../../../../../Library/Frameworks/SDL2.framework; sourceTree = "<group>"; };
		8F95F931224EA50800C2F6AD /* up.bmp */ = {isa = PBXFileReference; lastKnownFileType = image.bmp; path = up.bmp; sourceTree = "<group>"; };
		8F95F932224EA50800C2F6AD /* down.bmp */ = {isa = PBXFileReference; lastKnownFileType = image.bmp; path = down.bmp; sourceTree = SOURCE_ROOT; };
		8F95F933224EA50800C2F6AD /* left.bmp */ = {isa = PBXFileReference; lastKnownFileType = image.bmp; path = left.bmp; sourceTree = "<group>"; };
		8F95F934224EA50800C2F6AD /* right.bmp */ = {isa = PBXFileReference; lastKnownFileType = image.bmp; path = right.bmp; sourceTree = "<group>"; };
		8F95F935224EA50800C2F6AD /* press.bmp */ = {isa = PBXFileReference; lastKnownFileType = image.bmp; path = press.bmp; sourceTree = "<group>"; };
/* End PBXFileReference section */

/* Begin PBXFrameworksBuildPhase section */
		8F95F8FF224EA0BD00C2F6AD /* Frameworks */ = {
			isa = PBXFrameworksBuildPhase;
			buildActionMask = 2147483647;
			files = (
				8F569F0D2252A5E4009C21E6 /* SDL2_image.framework in Frameworks */,
				8F95F90E224EA15000C2F6AD /* SDL2.framework in Frameworks */,
			);
			runOnlyForDeploymentPostprocessing = 0;
		};
/* End PBXFrameworksBuildPhase section */

/* Begin PBXGroup section */
		8F95F8F9224EA0BD00C2F6AD = {
			isa = PBXGroup;
			children = (
				8F95F932224EA50800C2F6AD /* down.bmp */,
				8F95F933224EA50800C2F6AD /* left.bmp */,
				8F95F935224EA50800C2F6AD /* press.bmp */,
				8F95F934224EA50800C2F6AD /* right.bmp */,
				8F95F931224EA50800C2F6AD /* up.bmp */,
				8F95F904224EA0BD00C2F6AD /* BrickBreaker */,
				8F95F903224EA0BD00C2F6AD /* Products */,
				8F95F90C224EA15000C2F6AD /* Frameworks */,
			);
			sourceTree = "<group>";
		};
		8F95F903224EA0BD00C2F6AD /* Products */ = {
			isa = PBXGroup;
			children = (
				8F95F902224EA0BD00C2F6AD /* BrickBreaker */,
			);
			name = Products;
			sourceTree = "<group>";
		};
		8F95F904224EA0BD00C2F6AD /* BrickBreaker */ = {
			isa = PBXGroup;
			children = (
				8F95F905224EA0BD00C2F6AD /* BrickBreaker.cpp */,
			);
			path = BrickBreaker;
			sourceTree = "<group>";
		};
		8F95F90C224EA15000C2F6AD /* Frameworks */ = {
			isa = PBXGroup;
			children = (
				8F569F0C2252A5E4009C21E6 /* SDL2_image.framework */,
				8F95F90D224EA15000C2F6AD /* SDL2.framework */,
			);
			name = Frameworks;
			sourceTree = "<group>";
		};
/* End PBXGroup section */

/* Begin PBXNativeTarget section */
		8F95F901224EA0BD00C2F6AD /* BrickBreaker */ = {
			isa = PBXNativeTarget;
			buildConfigurationList = 8F95F909224EA0BD00C2F6AD /* Build configuration list for PBXNativeTarget "BrickBreaker" */;
			buildPhases = (
				8F95F8FE224EA0BD00C2F6AD /* Sources */,
				8F95F8FF224EA0BD00C2F6AD /* Frameworks */,
				8F95F900224EA0BD00C2F6AD /* CopyFiles */,
			);
			buildRules = (
			);
			dependencies = (
			);
			name = BrickBreaker;
			productName = BrickBreaker;
			productReference = 8F95F902224EA0BD00C2F6AD /* BrickBreaker */;
			productType = "com.apple.product-type.tool";
		};
/* End PBXNativeTarget section */

/* Begin PBXProject section */
		8F95F8FA224EA0BD00C2F6AD /* Project object */ = {
			isa = PBXProject;
			attributes = {
				LastUpgradeCheck = 1020;
				ORGANIZATIONNAME = "Buddy Swan";
				TargetAttributes = {
					8F95F901224EA0BD00C2F6AD = {
						CreatedOnToolsVersion = 10.2;
					};
				};
			};
			buildConfigurationList = 8F95F8FD224EA0BD00C2F6AD /* Build configuration list for PBXProject "BrickBreaker" */;
			compatibilityVersion = "Xcode 9.3";
			developmentRegion = en;
			hasScannedForEncodings = 0;
			knownRegions = (
				en,
			);
			mainGroup = 8F95F8F9224EA0BD00C2F6AD;
			productRefGroup = 8F95F903224EA0BD00C2F6AD /* Products */;
			projectDirPath = "";
			projectRoot = "";
			targets = (
				8F95F901224EA0BD00C2F6AD /* BrickBreaker */,
			);
		};
/* End PBXProject section */

/* Begin PBXSourcesBuildPhase section */
		8F95F8FE224EA0BD00C2F6AD /* Sources */ = {
			isa = PBXSourcesBuildPhase;
			buildActionMask = 2147483647;
			files = (
				8F95F938224EA70000C2F6AD /* BrickBreaker.cpp in Sources */,
			);
			runOnlyForDeploymentPostprocessing = 0;
		};
/* End PBXSourcesBuildPhase section */

/* Begin XCBuildConfiguration section */
		8F95F907224EA0BD00C2F6AD /* Debug */ = {
			isa = XCBuildConfiguration;
			buildSettings = {
				ALWAYS_SEARCH_USER_PATHS = NO;
				CLANG_ANALYZER_NONNULL = YES;
				CLANG_ANALYZER_NUMBER_OBJECT_CONVERSION = YES_AGGRESSIVE;
				CLANG_CXX_LANGUAGE_STANDARD = "gnu++14";
				CLANG_CXX_LIBRARY = "libc++";
				CLANG_ENABLE_MODULES = YES;
				CLANG_ENABLE_OBJC_ARC = YES;
				CLANG_ENABLE_OBJC_WEAK = YES;
				CLANG_WARN_BLOCK_CAPTURE_AUTORELEASING = YES;
				CLANG_WARN_BOOL_CONVERSION = YES;
				CLANG_WARN_COMMA = YES;
				CLANG_WARN_CONSTANT_CONVERSION = YES;
				CLANG_WARN_DEPRECATED_OBJC_IMPLEMENTATIONS = YES;
				CLANG_WARN_DIRECT_OBJC_ISA_USAGE = YES_ERROR;
				CLANG_WARN_DOCUMENTATION_COMMENTS = YES;
				CLANG_WARN_EMPTY_BODY = YES;
				CLANG_WARN_ENUM_CONVERSION = YES;
				CLANG_WARN_INFINITE_RECURSION = YES;
				CLANG_WARN_INT_CONVERSION = YES;
				CLANG_WARN_NON_LITERAL_NULL_CONVERSION = YES;
				CLANG_WARN_OBJC_IMPLICIT_RETAIN_SELF = YES;
				CLANG_WARN_OBJC_LITERAL_CONVERSION = YES;
				CLANG_WARN_OBJC_ROOT_CLASS = YES_ERROR;
				CLANG_WARN_RANGE_LOOP_ANALYSIS = YES;
				CLANG_WARN_STRICT_PROTOTYPES = YES;
				CLANG_WARN_SUSPICIOUS_MOVE = YES;
				CLANG_WARN_UNGUARDED_AVAILABILITY = YES_AGGRESSIVE;
				CLANG_WARN_UNREACHABLE_CODE = YES;
				CLANG_WARN__DUPLICATE_METHOD_MATCH = YES;
				CODE_SIGN_IDENTITY = "Mac Developer";
				COPY_PHASE_STRIP = NO;
				DEBUG_INFORMATION_FORMAT = dwarf;
				ENABLE_STRICT_OBJC_MSGSEND = YES;
				ENABLE_TESTABILITY = YES;
				GCC_C_LANGUAGE_STANDARD = gnu11;
				GCC_DYNAMIC_NO_PIC = NO;
				GCC_NO_COMMON_BLOCKS = YES;
				GCC_OPTIMIZATION_LEVEL = 0;
				GCC_PREPROCESSOR_DEFINITIONS = (
					"DEBUG=1",
					"$(inherited)",
				);
				GCC_WARN_64_TO_32_BIT_CONVERSION = YES;
				GCC_WARN_ABOUT_RETURN_TYPE = YES_ERROR;
				GCC_WARN_UNDECLARED_SELECTOR = YES;
				GCC_WARN_UNINITIALIZED_AUTOS = YES_AGGRESSIVE;
				GCC_WARN_UNUSED_FUNCTION = YES;
				GCC_WARN_UNUSED_VARIABLE = YES;
				MACOSX_DEPLOYMENT_TARGET = 10.14;
				MTL_ENABLE_DEBUG_INFO = INCLUDE_SOURCE;
				MTL_FAST_MATH = YES;
				ONLY_ACTIVE_ARCH = YES;
				SDKROOT = macosx;
			};
			name = Debug;
		};
		8F95F908224EA0BD00C2F6AD /* Release */ = {
			isa = XCBuildConfiguration;
			buildSettings = {
				ALWAYS_SEARCH_USER_PATHS = NO;
				CLANG_ANALYZER_NONNULL = YES;
				CLANG_ANALYZER_NUMBER_OBJECT_CONVERSION = YES_AGGRESSIVE;
				CLANG_CXX_LANGUAGE_STANDARD = "gnu++14";
				CLANG_CXX_LIBRARY = "libc++";
				CLANG_ENABLE_MODULES = YES;
				CLANG_ENABLE_OBJC_ARC = YES;
				CLANG_ENABLE_OBJC_WEAK = YES;
				CLANG_WARN_BLOCK_CAPTURE_AUTORELEASING = YES;
				CLANG_WARN_BOOL_CONVERSION = YES;
				CLANG_WARN_COMMA = YES;
				CLANG_WARN_CONSTANT_CONVERSION = YES;
				CLANG_WARN_DEPRECATED_OBJC_IMPLEMENTATIONS = YES;
				CLANG_WARN_DIRECT_OBJC_ISA_USAGE = YES_ERROR;
				CLANG_WARN_DOCUMENTATION_COMMENTS = YES;
				CLANG_WARN_EMPTY_BODY = YES;
				CLANG_WARN_ENUM_CONVERSION = YES;
				CLANG_WARN_INFINITE_RECURSION = YES;
				CLANG_WARN_INT_CONVERSION = YES;
				CLANG_WARN_NON_LITERAL_NULL_CONVERSION = YES;
				CLANG_WARN_OBJC_IMPLICIT_RETAIN_SELF = YES;
				CLANG_WARN_OBJC_LITERAL_CONVERSION = YES;
				CLANG_WARN_OBJC_ROOT_CLASS = YES_ERROR;
				CLANG_WARN_RANGE_LOOP_ANALYSIS = YES;
				CLANG_WARN_STRICT_PROTOTYPES = YES;
				CLANG_WARN_SUSPICIOUS_MOVE = YES;
				CLANG_WARN_UNGUARDED_AVAILABILITY = YES_AGGRESSIVE;
				CLANG_WARN_UNREACHABLE_CODE = YES;
				CLANG_WARN__DUPLICATE_METHOD_MATCH = YES;
				CODE_SIGN_IDENTITY = "Mac Developer";
				COPY_PHASE_STRIP = NO;
				DEBUG_INFORMATION_FORMAT = "dwarf-with-dsym";
				ENABLE_NS_ASSERTIONS = NO;
				ENABLE_STRICT_OBJC_MSGSEND = YES;
				GCC_C_LANGUAGE_STANDARD = gnu11;
				GCC_NO_COMMON_BLOCKS = YES;
				GCC_WARN_64_TO_32_BIT_CONVERSION = YES;
				GCC_WARN_ABOUT_RETURN_TYPE = YES_ERROR;
				GCC_WARN_UNDECLARED_SELECTOR = YES;
				GCC_WARN_UNINITIALIZED_AUTOS = YES_AGGRESSIVE;
				GCC_WARN_UNUSED_FUNCTION = YES;
				GCC_WARN_UNUSED_VARIABLE = YES;
				MACOSX_DEPLOYMENT_TARGET = 10.14;
				MTL_ENABLE_DEBUG_INFO = NO;
				MTL_FAST_MATH = YES;
				SDKROOT = macosx;
			};
			name = Release;
		};
		8F95F90A224EA0BD00C2F6AD /* Debug */ = {
			isa = XCBuildConfiguration;
			buildSettings = {
				CODE_SIGN_STYLE = Automatic;
				DEVELOPMENT_TEAM = H29DCTMBBK;
				FRAMEWORK_SEARCH_PATHS = (
					"$(inherited)",
					"$(LOCAL_LIBRARY_DIR)/Frameworks",
				);
				PRODUCT_NAME = "$(TARGET_NAME)";
			};
			name = Debug;
		};
		8F95F90B224EA0BD00C2F6AD /* Release */ = {
			isa = XCBuildConfiguration;
			buildSettings = {
				CODE_SIGN_STYLE = Automatic;
				DEVELOPMENT_TEAM = H29DCTMBBK;
				FRAMEWORK_SEARCH_PATHS = (
					"$(inherited)",
					"$(LOCAL_LIBRARY_DIR)/Frameworks",
				);
				PRODUCT_NAME = "$(TARGET_NAME)";
			};
			name = Release;
		};
/* End XCBuildConfiguration section */

/* Begin XCConfigurationList section */
		8F95F8FD224EA0BD00C2F6AD /* Build configuration list for PBXProject "BrickBreaker" */ = {
			isa = XCConfigurationList;
			buildConfigurations = (
				8F95F907224EA0BD00C2F6AD /* Debug */,
				8F95F908224EA0BD00C2F6AD /* Release */,
			);
			defaultConfigurationIsVisible = 0;
			defaultConfigurationName = Release;
		};
		8F95F909224EA0BD00C2F6AD /* Build configuration list for PBXNativeTarget "BrickBreaker" */ = {
			isa = XCConfigurationList;
			buildConfigurations = (
				8F95F90A224EA0BD00C2F6AD /* Debug */,
				8F95F90B224EA0BD00C2F6AD /* Release */,
			);
			defaultConfigurationIsVisible = 0;
			defaultConfigurationName = Release;
		};
/* End XCConfigurationList section */
	};
	rootObject = 8F95F8FA224EA0BD00C2F6AD /* Project object */;
}
